
Microsoft Visual Studio Solution File, Format Version 12.00
# Visual Studio Version 17
VisualStudioVersion = 17.14.36408.4
MinimumVisualStudioVersion = 10.0.40219.1
Project("{2150E333-8FDC-42A3-9474-1A3956D46DE8}") = "Templates", "Templates", "{02EA681E-C7D8-13C7-8484-4AC65E1B71E8}"
EndProject
Project("{2150E333-8FDC-42A3-9474-1A3956D46DE8}") = "Ace", "Ace", "{EDB501FB-9D2C-4042-A8DA-2A1B84D3F09D}"
EndProject
Project("{2150E333-8FDC-42A3-9474-1A3956D46DE8}") = "Utilities", "Utilities", "{FA532E0D-F8FB-4992-9857-1F1F4808F16C}"
EndProject
Project("{FAE04EC0-301F-11D3-BF4B-00C04F79EFBC}") = "CPDI.EdiFabric.Utilities", "Utilities\CPDI.EdiFabric.Utilities\CPDI.EdiFabric.Utilities.csproj", "{B05405F3-FC55-4AC4-B5C1-C990B4E52E02}"
EndProject
Project("{00D1A9C2-B5F0-4AF3-8072-F6C62B433612}") = "CPDI.EdiFabric.Utilities.DataBase", "Utilities\CPDI.EdiFabric.Utilities.DataBase\CPDI.EdiFabric.Utilities.DataBase.sqlproj", "{8011885E-1EC7-4B3A-93F8-FE4B7DBA7856}"
EndProject
Project("{FAE04EC0-301F-11D3-BF4B-00C04F79EFBC}") = "CPDI.EdiFabric.Utilities.TestDriver", "Utilities\CPDI.EdiFabric.Utilities.TestDriver\CPDI.EdiFabric.Utilities.TestDriver.csproj", "{338E21C0-B0ED-42B1-BAC2-AEF7CAB3440E}"
EndProject
Project("{FAE04EC0-301F-11D3-BF4B-00C04F79EFBC}") = "CPDI.Edi.X12.Abstractions", "Templates\CPDI.Edi.X12.Abstractions\CPDI.Edi.X12.Abstractions.csproj", "{8197A3AE-F3E1-4D6A-A9C0-D82152275284}"
EndProject
Project("{FAE04EC0-301F-11D3-BF4B-00C04F79EFBC}") = "CPDI.Edi.Templates.Base", "Templates\CPDI.Edi.Templates.Base\CPDI.Edi.Templates.Base.csproj", "{A94EBC8F-F837-9243-C73B-B0A4F0767D20}"
EndProject
Project("{FAE04EC0-301F-11D3-BF4B-00C04F79EFBC}") = "CPDI.EdiFabric.Templates.Acme", "Templates\CPDI.EdiFabric.Templates.Acme\CPDI.EdiFabric.Templates.Acme.csproj", "{B6475716-0DFA-4B79-91C6-53654FA6F942}"
EndProject
Project("{2150E333-8FDC-42A3-9474-1A3956D46DE8}") = "Acme", "Acme", "{80924A38-FA38-4443-BC74-E23038CB12D7}"
EndProject
Project("{2150E333-8FDC-42A3-9474-1A3956D46DE8}") = "Base", "Base", "{FFD2D6D4-F51B-40BA-956F-49ED1F9804F1}"
EndProject
Project("{FAE04EC0-301F-11D3-BF4B-00C04F79EFBC}") = "CPDI.EdiFabric.Templates.Ace", "Templates\CPDI.EdiFabric.Templates.Ace\CPDI.EdiFabric.Templates.Ace.csproj", "{339B66BB-A42C-451E-AD9C-C6501383666D}"
EndProject
Project("{2150E333-8FDC-42A3-9474-1A3956D46DE8}") = "Tests", "Tests", "{C7DD265C-AF8D-4176-B552-3CFC1112368E}"
EndProject
Project("{2150E333-8FDC-42A3-9474-1A3956D46DE8}") = "Scripts", "Scripts", "{CF99F521-CAE1-4CB6-82F3-BF96030A3F02}"
EndProject
Project("{F5034706-568F-408A-B7B3-4D38C6DB8A32}") = "CPDI.EdiFabric.Scripts", "Scripts\CPDI.EdiFabric.Scripts\CPDI.EdiFabric.Scripts.pssproj", "{6CAFC0C6-A428-4D30-A9F9-700E829FEA51}"
EndProject
Project("{FAE04EC0-301F-11D3-BF4B-00C04F79EFBC}") = "CPDI.EdiFabric.Utilities.WebValidator", "Utilities\CPDI.EdiFabric.Utilities.WebValidator\CPDI.EdiFabric.Utilities.WebValidator.csproj", "{2E446550-3980-4DCD-87E9-D384F208729A}"
EndProject
Global
	GlobalSection(SolutionConfigurationPlatforms) = preSolution
		Debug|Any CPU = Debug|Any CPU
		Release|Any CPU = Release|Any CPU
	EndGlobalSection
	GlobalSection(ProjectConfigurationPlatforms) = postSolution
		{B05405F3-FC55-4AC4-B5C1-C990B4E52E02}.Debug|Any CPU.ActiveCfg = Debug|Any CPU
		{B05405F3-FC55-4AC4-B5C1-C990B4E52E02}.Debug|Any CPU.Build.0 = Debug|Any CPU
		{B05405F3-FC55-4AC4-B5C1-C990B4E52E02}.Release|Any CPU.ActiveCfg = Release|Any CPU
		{B05405F3-FC55-4AC4-B5C1-C990B4E52E02}.Release|Any CPU.Build.0 = Release|Any CPU
		{8011885E-1EC7-4B3A-93F8-FE4B7DBA7856}.Debug|Any CPU.ActiveCfg = Debug|Any CPU
		{8011885E-1EC7-4B3A-93F8-FE4B7DBA7856}.Debug|Any CPU.Build.0 = Debug|Any CPU
		{8011885E-1EC7-4B3A-93F8-FE4B7DBA7856}.Debug|Any CPU.Deploy.0 = Debug|Any CPU
		{8011885E-1EC7-4B3A-93F8-FE4B7DBA7856}.Release|Any CPU.ActiveCfg = Release|Any CPU
		{8011885E-1EC7-4B3A-93F8-FE4B7DBA7856}.Release|Any CPU.Build.0 = Release|Any CPU
		{8011885E-1EC7-4B3A-93F8-FE4B7DBA7856}.Release|Any CPU.Deploy.0 = Release|Any CPU
		{338E21C0-B0ED-42B1-BAC2-AEF7CAB3440E}.Debug|Any CPU.ActiveCfg = Debug|Any CPU
		{338E21C0-B0ED-42B1-BAC2-AEF7CAB3440E}.Debug|Any CPU.Build.0 = Debug|Any CPU
		{338E21C0-B0ED-42B1-BAC2-AEF7CAB3440E}.Release|Any CPU.ActiveCfg = Release|Any CPU
		{338E21C0-B0ED-42B1-BAC2-AEF7CAB3440E}.Release|Any CPU.Build.0 = Release|Any CPU
		{8197A3AE-F3E1-4D6A-A9C0-D82152275284}.Debug|Any CPU.ActiveCfg = Debug|Any CPU
		{8197A3AE-F3E1-4D6A-A9C0-D82152275284}.Debug|Any CPU.Build.0 = Debug|Any CPU
		{8197A3AE-F3E1-4D6A-A9C0-D82152275284}.Release|Any CPU.ActiveCfg = Release|Any CPU
		{8197A3AE-F3E1-4D6A-A9C0-D82152275284}.Release|Any CPU.Build.0 = Release|Any CPU
		{A94EBC8F-F837-9243-C73B-B0A4F0767D20}.Debug|Any CPU.ActiveCfg = Debug|Any CPU
		{A94EBC8F-F837-9243-C73B-B0A4F0767D20}.Debug|Any CPU.Build.0 = Debug|Any CPU
		{A94EBC8F-F837-9243-C73B-B0A4F0767D20}.Release|Any CPU.ActiveCfg = Release|Any CPU
		{A94EBC8F-F837-9243-C73B-B0A4F0767D20}.Release|Any CPU.Build.0 = Release|Any CPU
		{B6475716-0DFA-4B79-91C6-53654FA6F942}.Debug|Any CPU.ActiveCfg = Debug|Any CPU
		{B6475716-0DFA-4B79-91C6-53654FA6F942}.Debug|Any CPU.Build.0 = Debug|Any CPU
		{B6475716-0DFA-4B79-91C6-53654FA6F942}.Release|Any CPU.ActiveCfg = Release|Any CPU
		{B6475716-0DFA-4B79-91C6-53654FA6F942}.Release|Any CPU.Build.0 = Release|Any CPU
		{339B66BB-A42C-451E-AD9C-C6501383666D}.Debug|Any CPU.ActiveCfg = Debug|Any CPU
		{339B66BB-A42C-451E-AD9C-C6501383666D}.Debug|Any CPU.Build.0 = Debug|Any CPU
		{339B66BB-A42C-451E-AD9C-C6501383666D}.Release|Any CPU.ActiveCfg = Release|Any CPU
		{339B66BB-A42C-451E-AD9C-C6501383666D}.Release|Any CPU.Build.0 = Release|Any CPU
		{6CAFC0C6-A428-4D30-A9F9-700E829FEA51}.Debug|Any CPU.ActiveCfg = Debug|Any CPU
		{6CAFC0C6-A428-4D30-A9F9-700E829FEA51}.Debug|Any CPU.Build.0 = Debug|Any CPU
		{6CAFC0C6-A428-4D30-A9F9-700E829FEA51}.Release|Any CPU.ActiveCfg = Release|Any CPU
		{6CAFC0C6-A428-4D30-A9F9-700E829FEA51}.Release|Any CPU.Build.0 = Release|Any CPU
		{2E446550-3980-4DCD-87E9-D384F208729A}.Debug|Any CPU.ActiveCfg = Debug|Any CPU
		{2E446550-3980-4DCD-87E9-D384F208729A}.Debug|Any CPU.Build.0 = Debug|Any CPU
		{2E446550-3980-4DCD-87E9-D384F208729A}.Release|Any CPU.ActiveCfg = Release|Any CPU
		{2E446550-3980-4DCD-87E9-D384F208729A}.Release|Any CPU.Build.0 = Release|Any CPU
	EndGlobalSection
	GlobalSection(SolutionProperties) = preSolution
		HideSolutionNode = FALSE
	EndGlobalSection
	GlobalSection(NestedProjects) = preSolution
		{EDB501FB-9D2C-4042-A8DA-2A1B84D3F09D} = {02EA681E-C7D8-13C7-8484-4AC65E1B71E8}
		{B05405F3-FC55-4AC4-B5C1-C990B4E52E02} = {FA532E0D-F8FB-4992-9857-1F1F4808F16C}
		{8011885E-1EC7-4B3A-93F8-FE4B7DBA7856} = {FA532E0D-F8FB-4992-9857-1F1F4808F16C}
		{338E21C0-B0ED-42B1-BAC2-AEF7CAB3440E} = {C7DD265C-AF8D-4176-B552-3CFC1112368E}
		{8197A3AE-F3E1-4D6A-A9C0-D82152275284} = {02EA681E-C7D8-13C7-8484-4AC65E1B71E8}
		{A94EBC8F-F837-9243-C73B-B0A4F0767D20} = {FFD2D6D4-F51B-40BA-956F-49ED1F9804F1}
		{B6475716-0DFA-4B79-91C6-53654FA6F942} = {80924A38-FA38-4443-BC74-E23038CB12D7}
		{80924A38-FA38-4443-BC74-E23038CB12D7} = {02EA681E-C7D8-13C7-8484-4AC65E1B71E8}
		{FFD2D6D4-F51B-40BA-956F-49ED1F9804F1} = {02EA681E-C7D8-13C7-8484-4AC65E1B71E8}
		{339B66BB-A42C-451E-AD9C-C6501383666D} = {EDB501FB-9D2C-4042-A8DA-2A1B84D3F09D}
		{6CAFC0C6-A428-4D30-A9F9-700E829FEA51} = {CF99F521-CAE1-4CB6-82F3-BF96030A3F02}
		{2E446550-3980-4DCD-87E9-D384F208729A} = {FA532E0D-F8FB-4992-9857-1F1F4808F16C}
	EndGlobalSection
	GlobalSection(ExtensibilityGlobals) = postSolution
		SolutionGuid = {4407D3D1-5E99-4654-AD4D-2DA1D38DC5FC}
	EndGlobalSection
EndGlobal
